k8s.io/api v0.32.2 h1:bZrMLEkgizC24G9eViHGOPbW+aRo9duEISRIJKfdJuw=
k8s.io/api v0.32.2/go.mod h1:hKlhk4x1sJyYnHENsrdCWw31FEmCijNGPJO5WzHiJ6Y=
k8s.io/apimachinery v0.32.2 h1:yoQBR9ZGkA6Rgmhbp/yuT9/g+4lxtsGYwW6dR6BDPLQ=
k8s.io/apimachinery v0.32.2/go.mod h1:GpHVgxoKlTxClKcteaeuF1Ul/lDVb74KpZcxcmLDElE=
k8s.io/client-go v0.32.2 h1:4dYCD4Nz+9RApM2b/3BtVvBHw54QjMFUl1OLcJG5yOA=
k8s.io/client-go v0.32.2/go.mod h1:fpZ4oJXclZ3r2nDOv+Ux3XcJutfrwjKTCHz2H3sww94=
